
Microsoft Visual Studio Solution File, Format Version 12.00
# Visual Studio Version 17
VisualStudioVersion = 17.0.32014.148
MinimumVisualStudioVersion = 10.0.40219.1
Project("{9A19103F-16F7-4668-BE54-9A1E7A4F7556}") = "CommonFunctions", "CommonFunctions\CommonFunctions.csproj", "{9C9A5813-18A3-4B4A-A3DA-2825555FB3B5}"
EndProject
Project("{9A19103F-16F7-4668-BE54-9A1E7A4F7556}") = "Test_CommonFunctions", "..\tests\Test_CommonFunctions\Test_CommonFunctions.csproj", "{0CF9076F-13F2-49B6-9E0D-BB9CA64BDCB8}"
EndProject
Project("{9A19103F-16F7-4668-BE54-9A1E7A4F7556}") = "ConsoleApp", "ConsoleApp\ConsoleApp.csproj", "{9523098B-47B6-43E5-BF27-155A02A49099}"
EndProject
Project("{2150E333-8FDC-42A3-9474-1A3956D46DE8}") = "Solution Items", "Solution Items", "{82DCAD9C-DAAC-4138-8499-D892F6B72F88}"
	ProjectSection(SolutionItems) = preProject
		..\README.md = ..\README.md
	EndProjectSection
EndProject
Global
	GlobalSection(SolutionConfigurationPlatforms) = preSolution
		Debug|Any CPU = Debug|Any CPU
		Release|Any CPU = Release|Any CPU
	EndGlobalSection
	GlobalSection(ProjectConfigurationPlatforms) = postSolution
		{9C9A5813-18A3-4B4A-A3DA-2825555FB3B5}.Debug|Any CPU.ActiveCfg = Debug|Any CPU
		{9C9A5813-18A3-4B4A-A3DA-2825555FB3B5}.Debug|Any CPU.Build.0 = Debug|Any CPU
		{9C9A5813-18A3-4B4A-A3DA-2825555FB3B5}.Release|Any CPU.ActiveCfg = Release|Any CPU
		{9C9A5813-18A3-4B4A-A3DA-2825555FB3B5}.Release|Any CPU.Build.0 = Release|Any CPU
		{0CF9076F-13F2-49B6-9E0D-BB9CA64BDCB8}.Debug|Any CPU.ActiveCfg = Debug|Any CPU
		{0CF9076F-13F2-49B6-9E0D-BB9CA64BDCB8}.Debug|Any CPU.Build.0 = Debug|Any CPU
		{0CF9076F-13F2-49B6-9E0D-BB9CA64BDCB8}.Release|Any CPU.ActiveCfg = Release|Any CPU
		{0CF9076F-13F2-49B6-9E0D-BB9CA64BDCB8}.Release|Any CPU.Build.0 = Release|Any CPU
		{9523098B-47B6-43E5-BF27-155A02A49099}.Debug|Any CPU.ActiveCfg = Debug|Any CPU
		{9523098B-47B6-43E5-BF27-155A02A49099}.Debug|Any CPU.Build.0 = Debug|Any CPU
		{9523098B-47B6-43E5-BF27-155A02A49099}.Release|Any CPU.ActiveCfg = Release|Any CPU
		{9523098B-47B6-43E5-BF27-155A02A49099}.Release|Any CPU.Build.0 = Release|Any CPU
	EndGlobalSection
	GlobalSection(SolutionProperties) = preSolution
		HideSolutionNode = FALSE
	EndGlobalSection
	GlobalSection(ExtensibilityGlobals) = postSolution
		SolutionGuid = {541F13A2-D1B0-443E-94E1-7691C2A19D9E}
	EndGlobalSection
EndGlobal
